// !$*UTF8*$!
{
	archiveVersion = 1;
	classes = {
	};
	objectVersion = 55;
	objects = {

/* Begin PBXBuildFile section */
		197D6A5853F173C89A998FD6 /* Pods_TestVRGSoft.framework in Frameworks */ = {isa = PBXBuildFile; fileRef = 4117CCFD64DE3DF84285710E /* Pods_TestVRGSoft.framework */; };
		281CC77F270BC32400891F5E /* LoadVC + Configure.swift in Sources */ = {isa = PBXBuildFile; fileRef = 281CC77E270BC32400891F5E /* LoadVC + Configure.swift */; };
		281CC782270BC50A00891F5E /* LoadPresenter.swift in Sources */ = {isa = PBXBuildFile; fileRef = 281CC781270BC50A00891F5E /* LoadPresenter.swift */; };
		281CC784270BC5B400891F5E /* LoadDataModel.swift in Sources */ = {isa = PBXBuildFile; fileRef = 281CC783270BC5B400891F5E /* LoadDataModel.swift */; };
		281CC786270BC66E00891F5E /* LoadVC + ViewProtocol.swift in Sources */ = {isa = PBXBuildFile; fileRef = 281CC785270BC66E00891F5E /* LoadVC + ViewProtocol.swift */; };
		281CC788270BC75F00891F5E /* LoadVC + Animations.swift in Sources */ = {isa = PBXBuildFile; fileRef = 281CC787270BC75F00891F5E /* LoadVC + Animations.swift */; };
		281CC78A270BC7F600891F5E /* AssemblyModuleBuilder.swift in Sources */ = {isa = PBXBuildFile; fileRef = 281CC789270BC7F600891F5E /* AssemblyModuleBuilder.swift */; };
		281CC790270BE0C500891F5E /* FilmViewController.swift in Sources */ = {isa = PBXBuildFile; fileRef = 281CC78F270BE0C500891F5E /* FilmViewController.swift */; };
		281CC792270BE0D600891F5E /* FilmViewController.xib in Resources */ = {isa = PBXBuildFile; fileRef = 281CC791270BE0D600891F5E /* FilmViewController.xib */; };
		281CC794270BE30F00891F5E /* Router.swift in Sources */ = {isa = PBXBuildFile; fileRef = 281CC793270BE30F00891F5E /* Router.swift */; };
		281CC797270C273200891F5E /* FilmDataModel.swift in Sources */ = {isa = PBXBuildFile; fileRef = 281CC796270C273200891F5E /* FilmDataModel.swift */; };
		281CC79A270C2E8D00891F5E /* NetworkService.swift in Sources */ = {isa = PBXBuildFile; fileRef = 281CC799270C2E8D00891F5E /* NetworkService.swift */; };
		281D271E270BA654009CA26F /* AppDelegate.swift in Sources */ = {isa = PBXBuildFile; fileRef = 281D271D270BA654009CA26F /* AppDelegate.swift */; };
		281D2720270BA654009CA26F /* SceneDelegate.swift in Sources */ = {isa = PBXBuildFile; fileRef = 281D271F270BA654009CA26F /* SceneDelegate.swift */; };
		281D2722270BA654009CA26F /* LoadViewController.swift in Sources */ = {isa = PBXBuildFile; fileRef = 281D2721270BA654009CA26F /* LoadViewController.swift */; };
		281D2725270BA654009CA26F /* Main.storyboard in Resources */ = {isa = PBXBuildFile; fileRef = 281D2723270BA654009CA26F /* Main.storyboard */; };
		281D2728270BA654009CA26F /* TestVRGSoft.xcdatamodeld in Sources */ = {isa = PBXBuildFile; fileRef = 281D2726270BA654009CA26F /* TestVRGSoft.xcdatamodeld */; };
		281D272A270BA655009CA26F /* Assets.xcassets in Resources */ = {isa = PBXBuildFile; fileRef = 281D2729270BA655009CA26F /* Assets.xcassets */; };
		281D272D270BA655009CA26F /* LaunchScreen.storyboard in Resources */ = {isa = PBXBuildFile; fileRef = 281D272B270BA655009CA26F /* LaunchScreen.storyboard */; };
		281D2738270BA655009CA26F /* TestVRGSoftTests.swift in Sources */ = {isa = PBXBuildFile; fileRef = 281D2737270BA655009CA26F /* TestVRGSoftTests.swift */; };
		281D2742270BA655009CA26F /* TestVRGSoftUITests.swift in Sources */ = {isa = PBXBuildFile; fileRef = 281D2741270BA655009CA26F /* TestVRGSoftUITests.swift */; };
		281D2744270BA655009CA26F /* TestVRGSoftUITestsLaunchTests.swift in Sources */ = {isa = PBXBuildFile; fileRef = 281D2743270BA655009CA26F /* TestVRGSoftUITestsLaunchTests.swift */; };
		287CE396270DA347006ACF1A /* FilmPresenter.swift in Sources */ = {isa = PBXBuildFile; fileRef = 287CE395270DA347006ACF1A /* FilmPresenter.swift */; };
		287CE398270E59A0006ACF1A /* FilmVC + ViewProtocol.swift in Sources */ = {isa = PBXBuildFile; fileRef = 287CE397270E59A0006ACF1A /* FilmVC + ViewProtocol.swift */; };
		287CE39A270E5A36006ACF1A /* FilmVC + TableView.swift in Sources */ = {isa = PBXBuildFile; fileRef = 287CE399270E5A36006ACF1A /* FilmVC + TableView.swift */; };
		287CE39C270E5C92006ACF1A /* FilmVC + Configure.swift in Sources */ = {isa = PBXBuildFile; fileRef = 287CE39B270E5C92006ACF1A /* FilmVC + Configure.swift */; };
		287CE3A4270E6422006ACF1A /* FilmTableViewCell.swift in Sources */ = {isa = PBXBuildFile; fileRef = 287CE3A2270E6422006ACF1A /* FilmTableViewCell.swift */; };
		287CE3A5270E6422006ACF1A /* FilmTableViewCell.xib in Resources */ = {isa = PBXBuildFile; fileRef = 287CE3A3270E6422006ACF1A /* FilmTableViewCell.xib */; };
		287CE3A7270E6822006ACF1A /* FilmTVCell + Configure.swift in Sources */ = {isa = PBXBuildFile; fileRef = 287CE3A6270E6822006ACF1A /* FilmTVCell + Configure.swift */; };
		28D9458B270BBB9500E5CFAE /* Extensions.swift in Sources */ = {isa = PBXBuildFile; fileRef = 28D9458A270BBB9500E5CFAE /* Extensions.swift */; };
		28D9458E270BBBC000E5CFAE /* DBConstants.swift in Sources */ = {isa = PBXBuildFile; fileRef = 28D9458D270BBBC000E5CFAE /* DBConstants.swift */; };
		28D94590270BBD3B00E5CFAE /* LoadViewController.xib in Resources */ = {isa = PBXBuildFile; fileRef = 28D9458F270BBD3B00E5CFAE /* LoadViewController.xib */; };
		4C6C2DEA11F18335DA33E71E /* Pods_TestVRGSoftTests.framework in Frameworks */ = {isa = PBXBuildFile; fileRef = 5FE4DB8D682F03D671D81A04 /* Pods_TestVRGSoftTests.framework */; };
		A3E43975486292520C23AD03 /* Pods_TestVRGSoft_TestVRGSoftUITests.framework in Frameworks */ = {isa = PBXBuildFile; fileRef = 55CAE36B713CBA3B56BB730E /* Pods_TestVRGSoft_TestVRGSoftUITests.framework */; };
/* End PBXBuildFile section */

/* Begin PBXContainerItemProxy section */
		281D2734270BA655009CA26F /* PBXContainerItemProxy */ = {
			isa = PBXContainerItemProxy;
			containerPortal = 281D2712270BA654009CA26F /* Project object */;
			proxyType = 1;
			remoteGlobalIDString = 281D2719270BA654009CA26F;
			remoteInfo = TestVRGSoft;
		};
		281D273E270BA655009CA26F /* PBXContainerItemProxy */ = {
			isa = PBXContainerItemProxy;
			containerPortal = 281D2712270BA654009CA26F /* Project object */;
			proxyType = 1;
			remoteGlobalIDString = 281D2719270BA654009CA26F;
			remoteInfo = TestVRGSoft;
		};
/* End PBXContainerItemProxy section */

/* Begin PBXFileReference section */
		0D1851F1604027CC1841443A /* Pods-TestVRGSoft.release.xcconfig */ = {isa = PBXFileReference; includeInIndex = 1; lastKnownFileType = text.xcconfig; name = "Pods-TestVRGSoft.release.xcconfig"; path = "Target Support Files/Pods-TestVRGSoft/Pods-TestVRGSoft.release.xcconfig"; sourceTree = "<group>"; };
		281CC77E270BC32400891F5E /* LoadVC + Configure.swift */ = {isa = PBXFileReference; lastKnownFileType = sourcecode.swift; path = "LoadVC + Configure.swift"; sourceTree = "<group>"; };
		281CC781270BC50A00891F5E /* LoadPresenter.swift */ = {isa = PBXFileReference; lastKnownFileType = sourcecode.swift; path = LoadPresenter.swift; sourceTree = "<group>"; };
		281CC783270BC5B400891F5E /* LoadDataModel.swift */ = {isa = PBXFileReference; lastKnownFileType = sourcecode.swift; path = LoadDataModel.swift; sourceTree = "<group>"; };
		281CC785270BC66E00891F5E /* LoadVC + ViewProtocol.swift */ = {isa = PBXFileReference; lastKnownFileType = sourcecode.swift; path = "LoadVC + ViewProtocol.swift"; sourceTree = "<group>"; };
		281CC787270BC75F00891F5E /* LoadVC + Animations.swift */ = {isa = PBXFileReference; lastKnownFileType = sourcecode.swift; path = "LoadVC + Animations.swift"; sourceTree = "<group>"; };
		281CC789270BC7F600891F5E /* AssemblyModuleBuilder.swift */ = {isa = PBXFileReference; lastKnownFileType = sourcecode.swift; path = AssemblyModuleBuilder.swift; sourceTree = "<group>"; };
		281CC78F270BE0C500891F5E /* FilmViewController.swift */ = {isa = PBXFileReference; lastKnownFileType = sourcecode.swift; path = FilmViewController.swift; sourceTree = "<group>"; };
		281CC791270BE0D600891F5E /* FilmViewController.xib */ = {isa = PBXFileReference; lastKnownFileType = file.xib; path = FilmViewController.xib; sourceTree = "<group>"; };
		281CC793270BE30F00891F5E /* Router.swift */ = {isa = PBXFileReference; lastKnownFileType = sourcecode.swift; path = Router.swift; sourceTree = "<group>"; };
		281CC796270C273200891F5E /* FilmDataModel.swift */ = {isa = PBXFileReference; lastKnownFileType = sourcecode.swift; path = FilmDataModel.swift; sourceTree = "<group>"; };
		281CC799270C2E8D00891F5E /* NetworkService.swift */ = {isa = PBXFileReference; lastKnownFileType = sourcecode.swift; path = NetworkService.swift; sourceTree = "<group>"; };
		281D271A270BA654009CA26F /* TestVRGSoft.app */ = {isa = PBXFileReference; explicitFileType = wrapper.application; includeInIndex = 0; path = TestVRGSoft.app; sourceTree = BUILT_PRODUCTS_DIR; };
		281D271D270BA654009CA26F /* AppDelegate.swift */ = {isa = PBXFileReference; lastKnownFileType = sourcecode.swift; path = AppDelegate.swift; sourceTree = "<group>"; };
		281D271F270BA654009CA26F /* SceneDelegate.swift */ = {isa = PBXFileReference; lastKnownFileType = sourcecode.swift; path = SceneDelegate.swift; sourceTree = "<group>"; };
		281D2721270BA654009CA26F /* LoadViewController.swift */ = {isa = PBXFileReference; lastKnownFileType = sourcecode.swift; path = LoadViewController.swift; sourceTree = "<group>"; };
		281D2724270BA654009CA26F /* Base */ = {isa = PBXFileReference; lastKnownFileType = file.storyboard; name = Base; path = Base.lproj/Main.storyboard; sourceTree = "<group>"; };
		281D2727270BA654009CA26F /* TestVRGSoft.xcdatamodel */ = {isa = PBXFileReference; lastKnownFileType = wrapper.xcdatamodel; path = TestVRGSoft.xcdatamodel; sourceTree = "<group>"; };
		281D2729270BA655009CA26F /* Assets.xcassets */ = {isa = PBXFileReference; lastKnownFileType = folder.assetcatalog; path = Assets.xcassets; sourceTree = "<group>"; };
		281D272C270BA655009CA26F /* Base */ = {isa = PBXFileReference; lastKnownFileType = file.storyboard; name = Base; path = Base.lproj/LaunchScreen.storyboard; sourceTree = "<group>"; };
		281D272E270BA655009CA26F /* Info.plist */ = {isa = PBXFileReference; lastKnownFileType = text.plist.xml; path = Info.plist; sourceTree = "<group>"; };
		281D2733270BA655009CA26F /* TestVRGSoftTests.xctest */ = {isa = PBXFileReference; explicitFileType = wrapper.cfbundle; includeInIndex = 0; path = TestVRGSoftTests.xctest; sourceTree = BUILT_PRODUCTS_DIR; };
		281D2737270BA655009CA26F /* TestVRGSoftTests.swift */ = {isa = PBXFileReference; lastKnownFileType = sourcecode.swift; path = TestVRGSoftTests.swift; sourceTree = "<group>"; };
		281D273D270BA655009CA26F /* TestVRGSoftUITests.xctest */ = {isa = PBXFileReference; explicitFileType = wrapper.cfbundle; includeInIndex = 0; path = TestVRGSoftUITests.xctest; sourceTree = BUILT_PRODUCTS_DIR; };
		281D2741270BA655009CA26F /* TestVRGSoftUITests.swift */ = {isa = PBXFileReference; lastKnownFileType = sourcecode.swift; path = TestVRGSoftUITests.swift; sourceTree = "<group>"; };
		281D2743270BA655009CA26F /* TestVRGSoftUITestsLaunchTests.swift */ = {isa = PBXFileReference; lastKnownFileType = sourcecode.swift; path = TestVRGSoftUITestsLaunchTests.swift; sourceTree = "<group>"; };
		287CE395270DA347006ACF1A /* FilmPresenter.swift */ = {isa = PBXFileReference; lastKnownFileType = sourcecode.swift; path = FilmPresenter.swift; sourceTree = "<group>"; };
		287CE397270E59A0006ACF1A /* FilmVC + ViewProtocol.swift */ = {isa = PBXFileReference; lastKnownFileType = sourcecode.swift; path = "FilmVC + ViewProtocol.swift"; sourceTree = "<group>"; };
		287CE399270E5A36006ACF1A /* FilmVC + TableView.swift */ = {isa = PBXFileReference; lastKnownFileType = sourcecode.swift; path = "FilmVC + TableView.swift"; sourceTree = "<group>"; };
		287CE39B270E5C92006ACF1A /* FilmVC + Configure.swift */ = {isa = PBXFileReference; lastKnownFileType = sourcecode.swift; path = "FilmVC + Configure.swift"; sourceTree = "<group>"; };
		287CE3A2270E6422006ACF1A /* FilmTableViewCell.swift */ = {isa = PBXFileReference; lastKnownFileType = sourcecode.swift; path = FilmTableViewCell.swift; sourceTree = "<group>"; };
		287CE3A3270E6422006ACF1A /* FilmTableViewCell.xib */ = {isa = PBXFileReference; lastKnownFileType = file.xib; path = FilmTableViewCell.xib; sourceTree = "<group>"; };
		287CE3A6270E6822006ACF1A /* FilmTVCell + Configure.swift */ = {isa = PBXFileReference; lastKnownFileType = sourcecode.swift; path = "FilmTVCell + Configure.swift"; sourceTree = "<group>"; };
		28D9458A270BBB9500E5CFAE /* Extensions.swift */ = {isa = PBXFileReference; lastKnownFileType = sourcecode.swift; path = Extensions.swift; sourceTree = "<group>"; };
		28D9458D270BBBC000E5CFAE /* DBConstants.swift */ = {isa = PBXFileReference; lastKnownFileType = sourcecode.swift; path = DBConstants.swift; sourceTree = "<group>"; };
		28D9458F270BBD3B00E5CFAE /* LoadViewController.xib */ = {isa = PBXFileReference; lastKnownFileType = file.xib; path = LoadViewController.xib; sourceTree = "<group>"; };
		395C81A0FCEE226F21CD778E /* Pods-TestVRGSoft-TestVRGSoftUITests.release.xcconfig */ = {isa = PBXFileReference; includeInIndex = 1; lastKnownFileType = text.xcconfig; name = "Pods-TestVRGSoft-TestVRGSoftUITests.release.xcconfig"; path = "Target Support Files/Pods-TestVRGSoft-TestVRGSoftUITests/Pods-TestVRGSoft-TestVRGSoftUITests.release.xcconfig"; sourceTree = "<group>"; };
		4117CCFD64DE3DF84285710E /* Pods_TestVRGSoft.framework */ = {isa = PBXFileReference; explicitFileType = wrapper.framework; includeInIndex = 0; path = Pods_TestVRGSoft.framework; sourceTree = BUILT_PRODUCTS_DIR; };
		55CAE36B713CBA3B56BB730E /* Pods_TestVRGSoft_TestVRGSoftUITests.framework */ = {isa = PBXFileReference; explicitFileType = wrapper.framework; includeInIndex = 0; path = Pods_TestVRGSoft_TestVRGSoftUITests.framework; sourceTree = BUILT_PRODUCTS_DIR; };
		5FE4DB8D682F03D671D81A04 /* Pods_TestVRGSoftTests.framework */ = {isa = PBXFileReference; explicitFileType = wrapper.framework; includeInIndex = 0; path = Pods_TestVRGSoftTests.framework; sourceTree = BUILT_PRODUCTS_DIR; };
		6FE271905048DB7BF63C8472 /* Pods-TestVRGSoftTests.debug.xcconfig */ = {isa = PBXFileReference; includeInIndex = 1; lastKnownFileType = text.xcconfig; name = "Pods-TestVRGSoftTests.debug.xcconfig"; path = "Target Support Files/Pods-TestVRGSoftTests/Pods-TestVRGSoftTests.debug.xcconfig"; sourceTree = "<group>"; };
		9083ABC529172152DD73676E /* Pods-TestVRGSoft-TestVRGSoftUITests.debug.xcconfig */ = {isa = PBXFileReference; includeInIndex = 1; lastKnownFileType = text.xcconfig; name = "Pods-TestVRGSoft-TestVRGSoftUITests.debug.xcconfig"; path = "Target Support Files/Pods-TestVRGSoft-TestVRGSoftUITests/Pods-TestVRGSoft-TestVRGSoftUITests.debug.xcconfig"; sourceTree = "<group>"; };
		9586FE5640027C675E844BD5 /* Pods-TestVRGSoftTests.release.xcconfig */ = {isa = PBXFileReference; includeInIndex = 1; lastKnownFileType = text.xcconfig; name = "Pods-TestVRGSoftTests.release.xcconfig"; path = "Target Support Files/Pods-TestVRGSoftTests/Pods-TestVRGSoftTests.release.xcconfig"; sourceTree = "<group>"; };
		A2A295B5E409640C2E4B03C6 /* Pods-TestVRGSoft.debug.xcconfig */ = {isa = PBXFileReference; includeInIndex = 1; lastKnownFileType = text.xcconfig; name = "Pods-TestVRGSoft.debug.xcconfig"; path = "Target Support Files/Pods-TestVRGSoft/Pods-TestVRGSoft.debug.xcconfig"; sourceTree = "<group>"; };
/* End PBXFileReference section */

/* Begin PBXFrameworksBuildPhase section */
		281D2717270BA654009CA26F /* Frameworks */ = {
			isa = PBXFrameworksBuildPhase;
			buildActionMask = 2147483647;
			files = (
				197D6A5853F173C89A998FD6 /* Pods_TestVRGSoft.framework in Frameworks */,
			);
			runOnlyForDeploymentPostprocessing = 0;
		};
		281D2730270BA655009CA26F /* Frameworks */ = {
			isa = PBXFrameworksBuildPhase;
			buildActionMask = 2147483647;
			files = (
				4C6C2DEA11F18335DA33E71E /* Pods_TestVRGSoftTests.framework in Frameworks */,
			);
			runOnlyForDeploymentPostprocessing = 0;
		};
		281D273A270BA655009CA26F /* Frameworks */ = {
			isa = PBXFrameworksBuildPhase;
			buildActionMask = 2147483647;
			files = (
				A3E43975486292520C23AD03 /* Pods_TestVRGSoft_TestVRGSoftUITests.framework in Frameworks */,
			);
			runOnlyForDeploymentPostprocessing = 0;
		};
/* End PBXFrameworksBuildPhase section */

/* Begin PBXGroup section */
		265F5C0D8938BCF8DFFBB546 /* Pods */ = {
			isa = PBXGroup;
			children = (
				A2A295B5E409640C2E4B03C6 /* Pods-TestVRGSoft.debug.xcconfig */,
				0D1851F1604027CC1841443A /* Pods-TestVRGSoft.release.xcconfig */,
				9083ABC529172152DD73676E /* Pods-TestVRGSoft-TestVRGSoftUITests.debug.xcconfig */,
				395C81A0FCEE226F21CD778E /* Pods-TestVRGSoft-TestVRGSoftUITests.release.xcconfig */,
				6FE271905048DB7BF63C8472 /* Pods-TestVRGSoftTests.debug.xcconfig */,
				9586FE5640027C675E844BD5 /* Pods-TestVRGSoftTests.release.xcconfig */,
			);
			path = Pods;
			sourceTree = "<group>";
		};
		281CC77B270BC18200891F5E /* Model */ = {
			isa = PBXGroup;
			children = (
				281CC783270BC5B400891F5E /* LoadDataModel.swift */,
			);
			path = Model;
			sourceTree = "<group>";
		};
		281CC77C270BC19200891F5E /* View */ = {
			isa = PBXGroup;
			children = (
				281D2721270BA654009CA26F /* LoadViewController.swift */,
				281CC77E270BC32400891F5E /* LoadVC + Configure.swift */,
				281CC785270BC66E00891F5E /* LoadVC + ViewProtocol.swift */,
				281CC787270BC75F00891F5E /* LoadVC + Animations.swift */,
				28D9458F270BBD3B00E5CFAE /* LoadViewController.xib */,
			);
			path = View;
			sourceTree = "<group>";
		};
		281CC77D270BC1A800891F5E /* Presenter */ = {
			isa = PBXGroup;
			children = (
				281CC781270BC50A00891F5E /* LoadPresenter.swift */,
			);
			path = Presenter;
			sourceTree = "<group>";
		};
		281CC78B270BDC9E00891F5E /* Films */ = {
			isa = PBXGroup;
			children = (
				281CC78C270BE08F00891F5E /* Model */,
				281CC78D270BE09600891F5E /* View */,
				281CC78E270BE09D00891F5E /* Presenter */,
			);
			path = Films;
			sourceTree = "<group>";
		};
		281CC78C270BE08F00891F5E /* Model */ = {
			isa = PBXGroup;
			children = (
				281CC796270C273200891F5E /* FilmDataModel.swift */,
			);
			path = Model;
			sourceTree = "<group>";
		};
		281CC78D270BE09600891F5E /* View */ = {
			isa = PBXGroup;
			children = (
				287CE39D270E5E78006ACF1A /* Cell */,
				281CC78F270BE0C500891F5E /* FilmViewController.swift */,
				287CE39B270E5C92006ACF1A /* FilmVC + Configure.swift */,
				287CE399270E5A36006ACF1A /* FilmVC + TableView.swift */,
				287CE397270E59A0006ACF1A /* FilmVC + ViewProtocol.swift */,
				281CC791270BE0D600891F5E /* FilmViewController.xib */,
			);
			path = View;
			sourceTree = "<group>";
		};
		281CC78E270BE09D00891F5E /* Presenter */ = {
			isa = PBXGroup;
			children = (
				287CE395270DA347006ACF1A /* FilmPresenter.swift */,
			);
			path = Presenter;
			sourceTree = "<group>";
		};
		281CC79B270C2FF400891F5E /* ServiceLayer */ = {
			isa = PBXGroup;
			children = (
				281CC79C270C300800891F5E /* NetworkService */,
			);
			path = ServiceLayer;
			sourceTree = "<group>";
		};
		281CC79C270C300800891F5E /* NetworkService */ = {
			isa = PBXGroup;
			children = (
				281CC799270C2E8D00891F5E /* NetworkService.swift */,
			);
			path = NetworkService;
			sourceTree = "<group>";
		};
		281D2711270BA654009CA26F = {
			isa = PBXGroup;
			children = (
				281D271C270BA654009CA26F /* TestVRGSoft */,
				281D2736270BA655009CA26F /* TestVRGSoftTests */,
				281D2740270BA655009CA26F /* TestVRGSoftUITests */,
				281D271B270BA654009CA26F /* Products */,
				265F5C0D8938BCF8DFFBB546 /* Pods */,
				CED3C16CF99FADD31A7E2CCA /* Frameworks */,
			);
			sourceTree = "<group>";
		};
		281D271B270BA654009CA26F /* Products */ = {
			isa = PBXGroup;
			children = (
				281D271A270BA654009CA26F /* TestVRGSoft.app */,
				281D2733270BA655009CA26F /* TestVRGSoftTests.xctest */,
				281D273D270BA655009CA26F /* TestVRGSoftUITests.xctest */,
			);
			name = Products;
			sourceTree = "<group>";
		};
		281D271C270BA654009CA26F /* TestVRGSoft */ = {
			isa = PBXGroup;
			children = (
				281CC793270BE30F00891F5E /* Router.swift */,
				281CC789270BC7F600891F5E /* AssemblyModuleBuilder.swift */,
				28D94585270BB9D900E5CFAE /* Application */,
				28D94589270BBB6900E5CFAE /* Extensions */,
				28D9458C270BBBA600E5CFAE /* DBConstants */,
				28D94587270BBA8E00E5CFAE /* Source */,
				281CC79B270C2FF400891F5E /* ServiceLayer */,
				28D94586270BB9EB00E5CFAE /* Resources */,
			);
			path = TestVRGSoft;
			sourceTree = "<group>";
		};
		281D2736270BA655009CA26F /* TestVRGSoftTests */ = {
			isa = PBXGroup;
			children = (
				281D2737270BA655009CA26F /* TestVRGSoftTests.swift */,
			);
			path = TestVRGSoftTests;
			sourceTree = "<group>";
		};
		281D2740270BA655009CA26F /* TestVRGSoftUITests */ = {
			isa = PBXGroup;
			children = (
				281D2741270BA655009CA26F /* TestVRGSoftUITests.swift */,
				281D2743270BA655009CA26F /* TestVRGSoftUITestsLaunchTests.swift */,
			);
			path = TestVRGSoftUITests;
			sourceTree = "<group>";
		};
		287CE39D270E5E78006ACF1A /* Cell */ = {
			isa = PBXGroup;
			children = (
				287CE3A2270E6422006ACF1A /* FilmTableViewCell.swift */,
				287CE3A6270E6822006ACF1A /* FilmTVCell + Configure.swift */,
				287CE3A3270E6422006ACF1A /* FilmTableViewCell.xib */,
			);
			path = Cell;
			sourceTree = "<group>";
		};
		28D94585270BB9D900E5CFAE /* Application */ = {
			isa = PBXGroup;
			children = (
				281D271D270BA654009CA26F /* AppDelegate.swift */,
				281D271F270BA654009CA26F /* SceneDelegate.swift */,
			);
			path = Application;
			sourceTree = "<group>";
		};
		28D94586270BB9EB00E5CFAE /* Resources */ = {
			isa = PBXGroup;
			children = (
				281D2723270BA654009CA26F /* Main.storyboard */,
				281D2729270BA655009CA26F /* Assets.xcassets */,
				281D272B270BA655009CA26F /* LaunchScreen.storyboard */,
				281D272E270BA655009CA26F /* Info.plist */,
				281D2726270BA654009CA26F /* TestVRGSoft.xcdatamodeld */,
			);
			path = Resources;
			sourceTree = "<group>";
		};
		28D94587270BBA8E00E5CFAE /* Source */ = {
			isa = PBXGroup;
			children = (
				28D94588270BBA9B00E5CFAE /* Load */,
				281CC78B270BDC9E00891F5E /* Films */,
			);
			path = Source;
			sourceTree = "<group>";
		};
		28D94588270BBA9B00E5CFAE /* Load */ = {
			isa = PBXGroup;
			children = (
				281CC77B270BC18200891F5E /* Model */,
				281CC77C270BC19200891F5E /* View */,
				281CC77D270BC1A800891F5E /* Presenter */,
			);
			path = Load;
			sourceTree = "<group>";
		};
		28D94589270BBB6900E5CFAE /* Extensions */ = {
			isa = PBXGroup;
			children = (
				28D9458A270BBB9500E5CFAE /* Extensions.swift */,
			);
			path = Extensions;
			sourceTree = "<group>";
		};
		28D9458C270BBBA600E5CFAE /* DBConstants */ = {
			isa = PBXGroup;
			children = (
				28D9458D270BBBC000E5CFAE /* DBConstants.swift */,
			);
			path = DBConstants;
			sourceTree = "<group>";
		};
		CED3C16CF99FADD31A7E2CCA /* Frameworks */ = {
			isa = PBXGroup;
			children = (
				4117CCFD64DE3DF84285710E /* Pods_TestVRGSoft.framework */,
				55CAE36B713CBA3B56BB730E /* Pods_TestVRGSoft_TestVRGSoftUITests.framework */,
				5FE4DB8D682F03D671D81A04 /* Pods_TestVRGSoftTests.framework */,
			);
			name = Frameworks;
			sourceTree = "<group>";
		};
/* End PBXGroup section */

/* Begin PBXNativeTarget section */
		281D2719270BA654009CA26F /* TestVRGSoft */ = {
			isa = PBXNativeTarget;
			buildConfigurationList = 281D2747270BA655009CA26F /* Build configuration list for PBXNativeTarget "TestVRGSoft" */;
			buildPhases = (
				CAC7D5E5A8C0AA854E081FB2 /* [CP] Check Pods Manifest.lock */,
				281D2716270BA654009CA26F /* Sources */,
				281D2717270BA654009CA26F /* Frameworks */,
				281D2718270BA654009CA26F /* Resources */,
				AC5359F2D55A85B39D44A164 /* [CP] Embed Pods Frameworks */,
			);
			buildRules = (
			);
			dependencies = (
			);
			name = TestVRGSoft;
			productName = TestVRGSoft;
			productReference = 281D271A270BA654009CA26F /* TestVRGSoft.app */;
			productType = "com.apple.product-type.application";
		};
		281D2732270BA655009CA26F /* TestVRGSoftTests */ = {
			isa = PBXNativeTarget;
			buildConfigurationList = 281D274A270BA655009CA26F /* Build configuration list for PBXNativeTarget "TestVRGSoftTests" */;
			buildPhases = (
				5B916BFBB8598F794CFCF435 /* [CP] Check Pods Manifest.lock */,
				281D272F270BA655009CA26F /* Sources */,
				281D2730270BA655009CA26F /* Frameworks */,
				281D2731270BA655009CA26F /* Resources */,
			);
			buildRules = (
			);
			dependencies = (
				281D2735270BA655009CA26F /* PBXTargetDependency */,
			);
			name = TestVRGSoftTests;
			productName = TestVRGSoftTests;
			productReference = 281D2733270BA655009CA26F /* TestVRGSoftTests.xctest */;
			productType = "com.apple.product-type.bundle.unit-test";
		};
		281D273C270BA655009CA26F /* TestVRGSoftUITests */ = {
			isa = PBXNativeTarget;
			buildConfigurationList = 281D274D270BA655009CA26F /* Build configuration list for PBXNativeTarget "TestVRGSoftUITests" */;
			buildPhases = (
				A4A965FE44C151FEA1D50FAE /* [CP] Check Pods Manifest.lock */,
				281D2739270BA655009CA26F /* Sources */,
				281D273A270BA655009CA26F /* Frameworks */,
				281D273B270BA655009CA26F /* Resources */,
				1F9D931E25032C7F583377DD /* [CP] Embed Pods Frameworks */,
			);
			buildRules = (
			);
			dependencies = (
				281D273F270BA655009CA26F /* PBXTargetDependency */,
			);
			name = TestVRGSoftUITests;
			productName = TestVRGSoftUITests;
			productReference = 281D273D270BA655009CA26F /* TestVRGSoftUITests.xctest */;
			productType = "com.apple.product-type.bundle.ui-testing";
		};
/* End PBXNativeTarget section */

/* Begin PBXProject section */
		281D2712270BA654009CA26F /* Project object */ = {
			isa = PBXProject;
			attributes = {
				BuildIndependentTargetsInParallel = 1;
				LastSwiftUpdateCheck = 1300;
				LastUpgradeCheck = 1300;
				TargetAttributes = {
					281D2719270BA654009CA26F = {
						CreatedOnToolsVersion = 13.0;
					};
					281D2732270BA655009CA26F = {
						CreatedOnToolsVersion = 13.0;
						TestTargetID = 281D2719270BA654009CA26F;
					};
					281D273C270BA655009CA26F = {
						CreatedOnToolsVersion = 13.0;
						TestTargetID = 281D2719270BA654009CA26F;
					};
				};
			};
			buildConfigurationList = 281D2715270BA654009CA26F /* Build configuration list for PBXProject "TestVRGSoft" */;
			compatibilityVersion = "Xcode 13.0";
			developmentRegion = en;
			hasScannedForEncodings = 0;
			knownRegions = (
				en,
				Base,
			);
			mainGroup = 281D2711270BA654009CA26F;
			productRefGroup = 281D271B270BA654009CA26F /* Products */;
			projectDirPath = "";
			projectRoot = "";
			targets = (
				281D2719270BA654009CA26F /* TestVRGSoft */,
				281D2732270BA655009CA26F /* TestVRGSoftTests */,
				281D273C270BA655009CA26F /* TestVRGSoftUITests */,
			);
		};
/* End PBXProject section */

/* Begin PBXResourcesBuildPhase section */
		281D2718270BA654009CA26F /* Resources */ = {
			isa = PBXResourcesBuildPhase;
			buildActionMask = 2147483647;
			files = (
				281CC792270BE0D600891F5E /* FilmViewController.xib in Resources */,
				287CE3A5270E6422006ACF1A /* FilmTableViewCell.xib in Resources */,
				281D272D270BA655009CA26F /* LaunchScreen.storyboard in Resources */,
				281D272A270BA655009CA26F /* Assets.xcassets in Resources */,
				28D94590270BBD3B00E5CFAE /* LoadViewController.xib in Resources */,
				281D2725270BA654009CA26F /* Main.storyboard in Resources */,
			);
			runOnlyForDeploymentPostprocessing = 0;
		};
		281D2731270BA655009CA26F /* Resources */ = {
			isa = PBXResourcesBuildPhase;
			buildActionMask = 2147483647;
			files = (
			);
			runOnlyForDeploymentPostprocessing = 0;
		};
		281D273B270BA655009CA26F /* Resources */ = {
			isa = PBXResourcesBuildPhase;
			buildActionMask = 2147483647;
			files = (
			);
			runOnlyForDeploymentPostprocessing = 0;
		};
/* End PBXResourcesBuildPhase section */

/* Begin PBXShellScriptBuildPhase section */
		1F9D931E25032C7F583377DD /* [CP] Embed Pods Frameworks */ = {
			isa = PBXShellScriptBuildPhase;
			buildActionMask = 2147483647;
			files = (
			);
			inputFileListPaths = (
				"${PODS_ROOT}/Target Support Files/Pods-TestVRGSoft-TestVRGSoftUITests/Pods-TestVRGSoft-TestVRGSoftUITests-frameworks-${CONFIGURATION}-input-files.xcfilelist",
			);
			name = "[CP] Embed Pods Frameworks";
			outputFileListPaths = (
				"${PODS_ROOT}/Target Support Files/Pods-TestVRGSoft-TestVRGSoftUITests/Pods-TestVRGSoft-TestVRGSoftUITests-frameworks-${CONFIGURATION}-output-files.xcfilelist",
			);
			runOnlyForDeploymentPostprocessing = 0;
			shellPath = /bin/sh;
			shellScript = "\"${PODS_ROOT}/Target Support Files/Pods-TestVRGSoft-TestVRGSoftUITests/Pods-TestVRGSoft-TestVRGSoftUITests-frameworks.sh\"\n";
			showEnvVarsInLog = 0;
		};
		5B916BFBB8598F794CFCF435 /* [CP] Check Pods Manifest.lock */ = {
			isa = PBXShellScriptBuildPhase;
			buildActionMask = 2147483647;
			files = (
			);
			inputFileListPaths = (
			);
			inputPaths = (
				"${PODS_PODFILE_DIR_PATH}/Podfile.lock",
				"${PODS_ROOT}/Manifest.lock",
			);
			name = "[CP] Check Pods Manifest.lock";
			outputFileListPaths = (
			);
			outputPaths = (
				"$(DERIVED_FILE_DIR)/Pods-TestVRGSoftTests-checkManifestLockResult.txt",
			);
			runOnlyForDeploymentPostprocessing = 0;
			shellPath = /bin/sh;
			shellScript = "diff \"${PODS_PODFILE_DIR_PATH}/Podfile.lock\" \"${PODS_ROOT}/Manifest.lock\" > /dev/null\nif [ $? != 0 ] ; then\n    # print error to STDERR\n    echo \"error: The sandbox is not in sync with the Podfile.lock. Run 'pod install' or update your CocoaPods installation.\" >&2\n    exit 1\nfi\n# This output is used by Xcode 'outputs' to avoid re-running this script phase.\necho \"SUCCESS\" > \"${SCRIPT_OUTPUT_FILE_0}\"\n";
			showEnvVarsInLog = 0;
		};
		A4A965FE44C151FEA1D50FAE /* [CP] Check Pods Manifest.lock */ = {
			isa = PBXShellScriptBuildPhase;
			buildActionMask = 2147483647;
			files = (
			);
			inputFileListPaths = (
			);
			inputPaths = (
				"${PODS_PODFILE_DIR_PATH}/Podfile.lock",
				"${PODS_ROOT}/Manifest.lock",
			);
			name = "[CP] Check Pods Manifest.lock";
			outputFileListPaths = (
			);
			outputPaths = (
				"$(DERIVED_FILE_DIR)/Pods-TestVRGSoft-TestVRGSoftUITests-checkManifestLockResult.txt",
			);
			runOnlyForDeploymentPostprocessing = 0;
			shellPath = /bin/sh;
			shellScript = "diff \"${PODS_PODFILE_DIR_PATH}/Podfile.lock\" \"${PODS_ROOT}/Manifest.lock\" > /dev/null\nif [ $? != 0 ] ; then\n    # print error to STDERR\n    echo \"error: The sandbox is not in sync with the Podfile.lock. Run 'pod install' or update your CocoaPods installation.\" >&2\n    exit 1\nfi\n# This output is used by Xcode 'outputs' to avoid re-running this script phase.\necho \"SUCCESS\" > \"${SCRIPT_OUTPUT_FILE_0}\"\n";
			showEnvVarsInLog = 0;
		};
		AC5359F2D55A85B39D44A164 /* [CP] Embed Pods Frameworks */ = {
			isa = PBXShellScriptBuildPhase;
			buildActionMask = 2147483647;
			files = (
			);
			inputFileListPaths = (
				"${PODS_ROOT}/Target Support Files/Pods-TestVRGSoft/Pods-TestVRGSoft-frameworks-${CONFIGURATION}-input-files.xcfilelist",
			);
			name = "[CP] Embed Pods Frameworks";
			outputFileListPaths = (
				"${PODS_ROOT}/Target Support Files/Pods-TestVRGSoft/Pods-TestVRGSoft-frameworks-${CONFIGURATION}-output-files.xcfilelist",
			);
			runOnlyForDeploymentPostprocessing = 0;
			shellPath = /bin/sh;
			shellScript = "\"${PODS_ROOT}/Target Support Files/Pods-TestVRGSoft/Pods-TestVRGSoft-frameworks.sh\"\n";
			showEnvVarsInLog = 0;
		};
		CAC7D5E5A8C0AA854E081FB2 /* [CP] Check Pods Manifest.lock */ = {
			isa = PBXShellScriptBuildPhase;
			buildActionMask = 2147483647;
			files = (
			);
			inputFileListPaths = (
			);
			inputPaths = (
				"${PODS_PODFILE_DIR_PATH}/Podfile.lock",
				"${PODS_ROOT}/Manifest.lock",
			);
			name = "[CP] Check Pods Manifest.lock";
			outputFileListPaths = (
			);
			outputPaths = (
				"$(DERIVED_FILE_DIR)/Pods-TestVRGSoft-checkManifestLockResult.txt",
			);
			runOnlyForDeploymentPostprocessing = 0;
			shellPath = /bin/sh;
			shellScript = "diff \"${PODS_PODFILE_DIR_PATH}/Podfile.lock\" \"${PODS_ROOT}/Manifest.lock\" > /dev/null\nif [ $? != 0 ] ; then\n    # print error to STDERR\n    echo \"error: The sandbox is not in sync with the Podfile.lock. Run 'pod install' or update your CocoaPods installation.\" >&2\n    exit 1\nfi\n# This output is used by Xcode 'outputs' to avoid re-running this script phase.\necho \"SUCCESS\" > \"${SCRIPT_OUTPUT_FILE_0}\"\n";
			showEnvVarsInLog = 0;
		};
/* End PBXShellScriptBuildPhase section */

/* Begin PBXSourcesBuildPhase section */
		281D2716270BA654009CA26F /* Sources */ = {
			isa = PBXSourcesBuildPhase;
			buildActionMask = 2147483647;
			files = (
				287CE3A4270E6422006ACF1A /* FilmTableViewCell.swift in Sources */,
				28D9458B270BBB9500E5CFAE /* Extensions.swift in Sources */,
				281D2722270BA654009CA26F /* LoadViewController.swift in Sources */,
				281CC784270BC5B400891F5E /* LoadDataModel.swift in Sources */,
				287CE396270DA347006ACF1A /* FilmPresenter.swift in Sources */,
				281D271E270BA654009CA26F /* AppDelegate.swift in Sources */,
				281CC77F270BC32400891F5E /* LoadVC + Configure.swift in Sources */,
				281CC788270BC75F00891F5E /* LoadVC + Animations.swift in Sources */,
				281D2720270BA654009CA26F /* SceneDelegate.swift in Sources */,
				281D2728270BA654009CA26F /* TestVRGSoft.xcdatamodeld in Sources */,
				281CC790270BE0C500891F5E /* FilmViewController.swift in Sources */,
				281CC782270BC50A00891F5E /* LoadPresenter.swift in Sources */,
				287CE3A7270E6822006ACF1A /* FilmTVCell + Configure.swift in Sources */,
				281CC79A270C2E8D00891F5E /* NetworkService.swift in Sources */,
				281CC794270BE30F00891F5E /* Router.swift in Sources */,
				287CE39C270E5C92006ACF1A /* FilmVC + Configure.swift in Sources */,
				287CE398270E59A0006ACF1A /* FilmVC + ViewProtocol.swift in Sources */,
				281CC797270C273200891F5E /* FilmDataModel.swift in Sources */,
				28D9458E270BBBC000E5CFAE /* DBConstants.swift in Sources */,
				287CE39A270E5A36006ACF1A /* FilmVC + TableView.swift in Sources */,
				281CC786270BC66E00891F5E /* LoadVC + ViewProtocol.swift in Sources */,
				281CC78A270BC7F600891F5E /* AssemblyModuleBuilder.swift in Sources */,
			);
			runOnlyForDeploymentPostprocessing = 0;
		};
		281D272F270BA655009CA26F /* Sources */ = {
			isa = PBXSourcesBuildPhase;
			buildActionMask = 2147483647;
			files = (
				281D2738270BA655009CA26F /* TestVRGSoftTests.swift in Sources */,
			);
			runOnlyForDeploymentPostprocessing = 0;
		};
		281D2739270BA655009CA26F /* Sources */ = {
			isa = PBXSourcesBuildPhase;
			buildActionMask = 2147483647;
			files = (
				281D2744270BA655009CA26F /* TestVRGSoftUITestsLaunchTests.swift in Sources */,
				281D2742270BA655009CA26F /* TestVRGSoftUITests.swift in Sources */,
			);
			runOnlyForDeploymentPostprocessing = 0;
		};
/* End PBXSourcesBuildPhase section */

/* Begin PBXTargetDependency section */
		281D2735270BA655009CA26F /* PBXTargetDependency */ = {
			isa = PBXTargetDependency;
			target = 281D2719270BA654009CA26F /* TestVRGSoft */;
			targetProxy = 281D2734270BA655009CA26F /* PBXContainerItemProxy */;
		};
		281D273F270BA655009CA26F /* PBXTargetDependency */ = {
			isa = PBXTargetDependency;
			target = 281D2719270BA654009CA26F /* TestVRGSoft */;
			targetProxy = 281D273E270BA655009CA26F /* PBXContainerItemProxy */;
		};
/* End PBXTargetDependency section */

/* Begin PBXVariantGroup section */
		281D2723270BA654009CA26F /* Main.storyboard */ = {
			isa = PBXVariantGroup;
			children = (
				281D2724270BA654009CA26F /* Base */,
			);
			name = Main.storyboard;
			sourceTree = "<group>";
		};
		281D272B270BA655009CA26F /* LaunchScreen.storyboard */ = {
			isa = PBXVariantGroup;
			children = (
				281D272C270BA655009CA26F /* Base */,
			);
			name = LaunchScreen.storyboard;
			sourceTree = "<group>";
		};
/* End PBXVariantGroup section */

/* Begin XCBuildConfiguration section */
		281D2745270BA655009CA26F /* Debug */ = {
			isa = XCBuildConfiguration;
			buildSettings = {
				ALWAYS_SEARCH_USER_PATHS = NO;
				CLANG_ANALYZER_NONNULL = YES;
				CLANG_ANALYZER_NUMBER_OBJECT_CONVERSION = YES_AGGRESSIVE;
				CLANG_CXX_LANGUAGE_STANDARD = "gnu++17";
				CLANG_CXX_LIBRARY = "libc++";
				CLANG_ENABLE_MODULES = YES;
				CLANG_ENABLE_OBJC_ARC = YES;
				CLANG_ENABLE_OBJC_WEAK = YES;
				CLANG_WARN_BLOCK_CAPTURE_AUTORELEASING = YES;
				CLANG_WARN_BOOL_CONVERSION = YES;
				CLANG_WARN_COMMA = YES;
				CLANG_WARN_CONSTANT_CONVERSION = YES;
				CLANG_WARN_DEPRECATED_OBJC_IMPLEMENTATIONS = YES;
				CLANG_WARN_DIRECT_OBJC_ISA_USAGE = YES_ERROR;
				CLANG_WARN_DOCUMENTATION_COMMENTS = YES;
				CLANG_WARN_EMPTY_BODY = YES;
				CLANG_WARN_ENUM_CONVERSION = YES;
				CLANG_WARN_INFINITE_RECURSION = YES;
				CLANG_WARN_INT_CONVERSION = YES;
				CLANG_WARN_NON_LITERAL_NULL_CONVERSION = YES;
				CLANG_WARN_OBJC_IMPLICIT_RETAIN_SELF = YES;
				CLANG_WARN_OBJC_LITERAL_CONVERSION = YES;
				CLANG_WARN_OBJC_ROOT_CLASS = YES_ERROR;
				CLANG_WARN_QUOTED_INCLUDE_IN_FRAMEWORK_HEADER = YES;
				CLANG_WARN_RANGE_LOOP_ANALYSIS = YES;
				CLANG_WARN_STRICT_PROTOTYPES = YES;
				CLANG_WARN_SUSPICIOUS_MOVE = YES;
				CLANG_WARN_UNGUARDED_AVAILABILITY = YES_AGGRESSIVE;
				CLANG_WARN_UNREACHABLE_CODE = YES;
				CLANG_WARN__DUPLICATE_METHOD_MATCH = YES;
				COPY_PHASE_STRIP = NO;
				DEBUG_INFORMATION_FORMAT = dwarf;
				ENABLE_STRICT_OBJC_MSGSEND = YES;
				ENABLE_TESTABILITY = YES;
				GCC_C_LANGUAGE_STANDARD = gnu11;
				GCC_DYNAMIC_NO_PIC = NO;
				GCC_NO_COMMON_BLOCKS = YES;
				GCC_OPTIMIZATION_LEVEL = 0;
				GCC_PREPROCESSOR_DEFINITIONS = (
					"DEBUG=1",
					"$(inherited)",
				);
				GCC_WARN_64_TO_32_BIT_CONVERSION = YES;
				GCC_WARN_ABOUT_RETURN_TYPE = YES_ERROR;
				GCC_WARN_UNDECLARED_SELECTOR = YES;
				GCC_WARN_UNINITIALIZED_AUTOS = YES_AGGRESSIVE;
				GCC_WARN_UNUSED_FUNCTION = YES;
				GCC_WARN_UNUSED_VARIABLE = YES;
				IPHONEOS_DEPLOYMENT_TARGET = 15.0;
				MTL_ENABLE_DEBUG_INFO = INCLUDE_SOURCE;
				MTL_FAST_MATH = YES;
				ONLY_ACTIVE_ARCH = YES;
				SDKROOT = iphoneos;
				SWIFT_ACTIVE_COMPILATION_CONDITIONS = DEBUG;
				SWIFT_OPTIMIZATION_LEVEL = "-Onone";
			};
			name = Debug;
		};
		281D2746270BA655009CA26F /* Release */ = {
			isa = XCBuildConfiguration;
			buildSettings = {
				ALWAYS_SEARCH_USER_PATHS = NO;
				CLANG_ANALYZER_NONNULL = YES;
				CLANG_ANALYZER_NUMBER_OBJECT_CONVERSION = YES_AGGRESSIVE;
				CLANG_CXX_LANGUAGE_STANDARD = "gnu++17";
				CLANG_CXX_LIBRARY = "libc++";
				CLANG_ENABLE_MODULES = YES;
				CLANG_ENABLE_OBJC_ARC = YES;
				CLANG_ENABLE_OBJC_WEAK = YES;
				CLANG_WARN_BLOCK_CAPTURE_AUTORELEASING = YES;
				CLANG_WARN_BOOL_CONVERSION = YES;
				CLANG_WARN_COMMA = YES;
				CLANG_WARN_CONSTANT_CONVERSION = YES;
				CLANG_WARN_DEPRECATED_OBJC_IMPLEMENTATIONS = YES;
				CLANG_WARN_DIRECT_OBJC_ISA_USAGE = YES_ERROR;
				CLANG_WARN_DOCUMENTATION_COMMENTS = YES;
				CLANG_WARN_EMPTY_BODY = YES;
				CLANG_WARN_ENUM_CONVERSION = YES;
				CLANG_WARN_INFINITE_RECURSION = YES;
				CLANG_WARN_INT_CONVERSION = YES;
				CLANG_WARN_NON_LITERAL_NULL_CONVERSION = YES;
				CLANG_WARN_OBJC_IMPLICIT_RETAIN_SELF = YES;
				CLANG_WARN_OBJC_LITERAL_CONVERSION = YES;
				CLANG_WARN_OBJC_ROOT_CLASS = YES_ERROR;
				CLANG_WARN_QUOTED_INCLUDE_IN_FRAMEWORK_HEADER = YES;
				CLANG_WARN_RANGE_LOOP_ANALYSIS = YES;
				CLANG_WARN_STRICT_PROTOTYPES = YES;
				CLANG_WARN_SUSPICIOUS_MOVE = YES;
				CLANG_WARN_UNGUARDED_AVAILABILITY = YES_AGGRESSIVE;
				CLANG_WARN_UNREACHABLE_CODE = YES;
				CLANG_WARN__DUPLICATE_METHOD_MATCH = YES;
				COPY_PHASE_STRIP = NO;
				DEBUG_INFORMATION_FORMAT = "dwarf-with-dsym";
				ENABLE_NS_ASSERTIONS = NO;
				ENABLE_STRICT_OBJC_MSGSEND = YES;
				GCC_C_LANGUAGE_STANDARD = gnu11;
				GCC_NO_COMMON_BLOCKS = YES;
				GCC_WARN_64_TO_32_BIT_CONVERSION = YES;
				GCC_WARN_ABOUT_RETURN_TYPE = YES_ERROR;
				GCC_WARN_UNDECLARED_SELECTOR = YES;
				GCC_WARN_UNINITIALIZED_AUTOS = YES_AGGRESSIVE;
				GCC_WARN_UNUSED_FUNCTION = YES;
				GCC_WARN_UNUSED_VARIABLE = YES;
				IPHONEOS_DEPLOYMENT_TARGET = 15.0;
				MTL_ENABLE_DEBUG_INFO = NO;
				MTL_FAST_MATH = YES;
				SDKROOT = iphoneos;
				SWIFT_COMPILATION_MODE = wholemodule;
				SWIFT_OPTIMIZATION_LEVEL = "-O";
				VALIDATE_PRODUCT = YES;
			};
			name = Release;
		};
		281D2748270BA655009CA26F /* Debug */ = {
			isa = XCBuildConfiguration;
			baseConfigurationReference = A2A295B5E409640C2E4B03C6 /* Pods-TestVRGSoft.debug.xcconfig */;
			buildSettings = {
				ASSETCATALOG_COMPILER_APPICON_NAME = AppIcon;
				ASSETCATALOG_COMPILER_GLOBAL_ACCENT_COLOR_NAME = AccentColor;
				CODE_SIGN_STYLE = Automatic;
				CURRENT_PROJECT_VERSION = 1;
				GENERATE_INFOPLIST_FILE = YES;
				INFOPLIST_FILE = TestVRGSoft/Resources/Info.plist;
				INFOPLIST_KEY_UIApplicationSupportsIndirectInputEvents = YES;
				INFOPLIST_KEY_UILaunchStoryboardName = LaunchScreen;
				INFOPLIST_KEY_UIMainStoryboardFile = Main;
				INFOPLIST_KEY_UISupportedInterfaceOrientations_iPad = "UIInterfaceOrientationPortrait UIInterfaceOrientationPortraitUpsideDown UIInterfaceOrientationLandscapeLeft UIInterfaceOrientationLandscapeRight";
				INFOPLIST_KEY_UISupportedInterfaceOrientations_iPhone = "UIInterfaceOrientationPortrait UIInterfaceOrientationLandscapeLeft UIInterfaceOrientationLandscapeRight";
				LD_RUNPATH_SEARCH_PATHS = (
					"$(inherited)",
					"@executable_path/Frameworks",
				);
				MARKETING_VERSION = 1.0;
				PRODUCT_BUNDLE_IDENTIFIER = com.apptown.TestVRGSoft;
				PRODUCT_NAME = "$(TARGET_NAME)";
				SWIFT_EMIT_LOC_STRINGS = YES;
				SWIFT_VERSION = 5.0;
				TARGETED_DEVICE_FAMILY = "1,2";
			};
			name = Debug;
		};
		281D2749270BA655009CA26F /* Release */ = {
			isa = XCBuildConfiguration;
			baseConfigurationReference = 0D1851F1604027CC1841443A /* Pods-TestVRGSoft.release.xcconfig */;
			buildSettings = {
				ASSETCATALOG_COMPILER_APPICON_NAME = AppIcon;
				ASSETCATALOG_COMPILER_GLOBAL_ACCENT_COLOR_NAME = AccentColor;
				CODE_SIGN_STYLE = Automatic;
				CURRENT_PROJECT_VERSION = 1;
				GENERATE_INFOPLIST_FILE = YES;
				INFOPLIST_FILE = TestVRGSoft/Resources/Info.plist;
				INFOPLIST_KEY_UIApplicationSupportsIndirectInputEvents = YES;
				INFOPLIST_KEY_UILaunchStoryboardName = LaunchScreen;
				INFOPLIST_KEY_UIMainStoryboardFile = Main;
				INFOPLIST_KEY_UISupportedInterfaceOrientations_iPad = "UIInterfaceOrientationPortrait UIInterfaceOrientationPortraitUpsideDown UIInterfaceOrientationLandscapeLeft UIInterfaceOrientationLandscapeRight";
				INFOPLIST_KEY_UISupportedInterfaceOrientations_iPhone = "UIInterfaceOrientationPortrait UIInterfaceOrientationLandscapeLeft UIInterfaceOrientationLandscapeRight";
				LD_RUNPATH_SEARCH_PATHS = (
					"$(inherited)",
					"@executable_path/Frameworks",
				);
				MARKETING_VERSION = 1.0;
				PRODUCT_BUNDLE_IDENTIFIER = com.apptown.TestVRGSoft;
				PRODUCT_NAME = "$(TARGET_NAME)";
				SWIFT_EMIT_LOC_STRINGS = YES;
				SWIFT_VERSION = 5.0;
				TARGETED_DEVICE_FAMILY = "1,2";
			};
			name = Release;
		};
		281D274B270BA655009CA26F /* Debug */ = {
			isa = XCBuildConfiguration;
			baseConfigurationReference = 6FE271905048DB7BF63C8472 /* Pods-TestVRGSoftTests.debug.xcconfig */;
			buildSettings = {
				ALWAYS_EMBED_SWIFT_STANDARD_LIBRARIES = YES;
				BUNDLE_LOADER = "$(TEST_HOST)";
				CODE_SIGN_STYLE = Automatic;
				CURRENT_PROJECT_VERSION = 1;
				GENERATE_INFOPLIST_FILE = YES;
				IPHONEOS_DEPLOYMENT_TARGET = 15.0;
				LD_RUNPATH_SEARCH_PATHS = (
					"$(inherited)",
					"@executable_path/Frameworks",
					"@loader_path/Frameworks",
				);
				MARKETING_VERSION = 1.0;
				PRODUCT_BUNDLE_IDENTIFIER = com.apptown.TestVRGSoftTests;
				PRODUCT_NAME = "$(TARGET_NAME)";
				SWIFT_EMIT_LOC_STRINGS = NO;
				SWIFT_VERSION = 5.0;
				TARGETED_DEVICE_FAMILY = "1,2";
				TEST_HOST = "$(BUILT_PRODUCTS_DIR)/TestVRGSoft.app/TestVRGSoft";
			};
			name = Debug;
		};
		281D274C270BA655009CA26F /* Release */ = {
			isa = XCBuildConfiguration;
			baseConfigurationReference = 9586FE5640027C675E844BD5 /* Pods-TestVRGSoftTests.release.xcconfig */;
			buildSettings = {
				ALWAYS_EMBED_SWIFT_STANDARD_LIBRARIES = YES;
				BUNDLE_LOADER = "$(TEST_HOST)";
				CODE_SIGN_STYLE = Automatic;
				CURRENT_PROJECT_VERSION = 1;
				GENERATE_INFOPLIST_FILE = YES;
				IPHONEOS_DEPLOYMENT_TARGET = 15.0;
				LD_RUNPATH_SEARCH_PATHS = (
					"$(inherited)",
					"@executable_path/Frameworks",
					"@loader_path/Frameworks",
				);
				MARKETING_VERSION = 1.0;
				PRODUCT_BUNDLE_IDENTIFIER = com.apptown.TestVRGSoftTests;
				PRODUCT_NAME = "$(TARGET_NAME)";
				SWIFT_EMIT_LOC_STRINGS = NO;
				SWIFT_VERSION = 5.0;
				TARGETED_DEVICE_FAMILY = "1,2";
				TEST_HOST = "$(BUILT_PRODUCTS_DIR)/TestVRGSoft.app/TestVRGSoft";
			};
			name = Release;
		};
		281D274E270BA655009CA26F /* Debug */ = {
			isa = XCBuildConfiguration;
			baseConfigurationReference = 9083ABC529172152DD73676E /* Pods-TestVRGSoft-TestVRGSoftUITests.debug.xcconfig */;
			buildSettings = {
				ALWAYS_EMBED_SWIFT_STANDARD_LIBRARIES = YES;
				CODE_SIGN_STYLE = Automatic;
				CURRENT_PROJECT_VERSION = 1;
				GENERATE_INFOPLIST_FILE = YES;
				LD_RUNPATH_SEARCH_PATHS = (
					"$(inherited)",
					"@executable_path/Frameworks",
					"@loader_path/Frameworks",
				);
				MARKETING_VERSION = 1.0;
				PRODUCT_BUNDLE_IDENTIFIER = com.apptown.TestVRGSoftUITests;
				PRODUCT_NAME = "$(TARGET_NAME)";
				SWIFT_EMIT_LOC_STRINGS = NO;
				SWIFT_VERSION = 5.0;
				TARGETED_DEVICE_FAMILY = "1,2";
				TEST_TARGET_NAME = TestVRGSoft;
			};
			name = Debug;
		};
		281D274F270BA655009CA26F /* Release */ = {
			isa = XCBuildConfiguration;
			baseConfigurationReference = 395C81A0FCEE226F21CD778E /* Pods-TestVRGSoft-TestVRGSoftUITests.release.xcconfig */;
			buildSettings = {
				ALWAYS_EMBED_SWIFT_STANDARD_LIBRARIES = YES;
				CODE_SIGN_STYLE = Automatic;
				CURRENT_PROJECT_VERSION = 1;
				GENERATE_INFOPLIST_FILE = YES;
				LD_RUNPATH_SEARCH_PATHS = (
					"$(inherited)",
					"@executable_path/Frameworks",
					"@loader_path/Frameworks",
				);
				MARKETING_VERSION = 1.0;
				PRODUCT_BUNDLE_IDENTIFIER = com.apptown.TestVRGSoftUITests;
				PRODUCT_NAME = "$(TARGET_NAME)";
				SWIFT_EMIT_LOC_STRINGS = NO;
				SWIFT_VERSION = 5.0;
				TARGETED_DEVICE_FAMILY = "1,2";
				TEST_TARGET_NAME = TestVRGSoft;
			};
			name = Release;
		};
/* End XCBuildConfiguration section */

/* Begin XCConfigurationList section */
		281D2715270BA654009CA26F /* Build configuration list for PBXProject "TestVRGSoft" */ = {
			isa = XCConfigurationList;
			buildConfigurations = (
				281D2745270BA655009CA26F /* Debug */,
				281D2746270BA655009CA26F /* Release */,
			);
			defaultConfigurationIsVisible = 0;
			defaultConfigurationName = Release;
		};
		281D2747270BA655009CA26F /* Build configuration list for PBXNativeTarget "TestVRGSoft" */ = {
			isa = XCConfigurationList;
			buildConfigurations = (
				281D2748270BA655009CA26F /* Debug */,
				281D2749270BA655009CA26F /* Release */,
			);
			defaultConfigurationIsVisible = 0;
			defaultConfigurationName = Release;
		};
		281D274A270BA655009CA26F /* Build configuration list for PBXNativeTarget "TestVRGSoftTests" */ = {
			isa = XCConfigurationList;
			buildConfigurations = (
				281D274B270BA655009CA26F /* Debug */,
				281D274C270BA655009CA26F /* Release */,
			);
			defaultConfigurationIsVisible = 0;
			defaultConfigurationName = Release;
		};
		281D274D270BA655009CA26F /* Build configuration list for PBXNativeTarget "TestVRGSoftUITests" */ = {
			isa = XCConfigurationList;
			buildConfigurations = (
				281D274E270BA655009CA26F /* Debug */,
				281D274F270BA655009CA26F /* Release */,
			);
			defaultConfigurationIsVisible = 0;
			defaultConfigurationName = Release;
		};
/* End XCConfigurationList section */

/* Begin XCVersionGroup section */
		281D2726270BA654009CA26F /* TestVRGSoft.xcdatamodeld */ = {
			isa = XCVersionGroup;
			children = (
				281D2727270BA654009CA26F /* TestVRGSoft.xcdatamodel */,
			);
			currentVersion = 281D2727270BA654009CA26F /* TestVRGSoft.xcdatamodel */;
			path = TestVRGSoft.xcdatamodeld;
			sourceTree = "<group>";
			versionGroupType = wrapper.xcdatamodel;
		};
/* End XCVersionGroup section */
	};
	rootObject = 281D2712270BA654009CA26F /* Project object */;
}
